
Microsoft Visual Studio Solution File, Format Version 12.00
# Visual Studio 15
VisualStudioVersion = 15.0.26124.0
MinimumVisualStudioVersion = 15.0.26124.0
Project("{FAE04EC0-301F-11D3-BF4B-00C04F79EFBC}") = "GAD.App", "GAD.App\GAD.App.csproj", "{7E06CB5B-4491-44CB-B541-AC99CBE11B1F}"
EndProject
Project("{FAE04EC0-301F-11D3-BF4B-00C04F79EFBC}") = "GAD.Lib", "GAD.Lib\GAD.Lib.csproj", "{DD609734-B95A-4545-99EA-2690B4FE36AD}"
EndProject
Project("{FAE04EC0-301F-11D3-BF4B-00C04F79EFBC}") = "GAD.Tests", "GAD.Tests\GAD.Tests.csproj", "{F62DCAF2-020C-430A-8F26-F59EBC286E0D}"
EndProject
Global
	GlobalSection(SolutionConfigurationPlatforms) = preSolution
		Debug|Any CPU = Debug|Any CPU
		Debug|x64 = Debug|x64
		Debug|x86 = Debug|x86
		Release|Any CPU = Release|Any CPU
		Release|x64 = Release|x64
		Release|x86 = Release|x86
	EndGlobalSection
	GlobalSection(SolutionProperties) = preSolution
		HideSolutionNode = FALSE
	EndGlobalSection
	GlobalSection(ProjectConfigurationPlatforms) = postSolution
		{7E06CB5B-4491-44CB-B541-AC99CBE11B1F}.Debug|Any CPU.ActiveCfg = Debug|Any CPU
		{7E06CB5B-4491-44CB-B541-AC99CBE11B1F}.Debug|Any CPU.Build.0 = Debug|Any CPU
		{7E06CB5B-4491-44CB-B541-AC99CBE11B1F}.Debug|x64.ActiveCfg = Debug|Any CPU
		{7E06CB5B-4491-44CB-B541-AC99CBE11B1F}.Debug|x64.Build.0 = Debug|Any CPU
		{7E06CB5B-4491-44CB-B541-AC99CBE11B1F}.Debug|x86.ActiveCfg = Debug|Any CPU
		{7E06CB5B-4491-44CB-B541-AC99CBE11B1F}.Debug|x86.Build.0 = Debug|Any CPU
		{7E06CB5B-4491-44CB-B541-AC99CBE11B1F}.Release|Any CPU.ActiveCfg = Release|Any CPU
		{7E06CB5B-4491-44CB-B541-AC99CBE11B1F}.Release|Any CPU.Build.0 = Release|Any CPU
		{7E06CB5B-4491-44CB-B541-AC99CBE11B1F}.Release|x64.ActiveCfg = Release|Any CPU
		{7E06CB5B-4491-44CB-B541-AC99CBE11B1F}.Release|x64.Build.0 = Release|Any CPU
		{7E06CB5B-4491-44CB-B541-AC99CBE11B1F}.Release|x86.ActiveCfg = Release|Any CPU
		{7E06CB5B-4491-44CB-B541-AC99CBE11B1F}.Release|x86.Build.0 = Release|Any CPU
		{DD609734-B95A-4545-99EA-2690B4FE36AD}.Debug|Any CPU.ActiveCfg = Debug|Any CPU
		{DD609734-B95A-4545-99EA-2690B4FE36AD}.Debug|Any CPU.Build.0 = Debug|Any CPU
		{DD609734-B95A-4545-99EA-2690B4FE36AD}.Debug|x64.ActiveCfg = Debug|Any CPU
		{DD609734-B95A-4545-99EA-2690B4FE36AD}.Debug|x64.Build.0 = Debug|Any CPU
		{DD609734-B95A-4545-99EA-2690B4FE36AD}.Debug|x86.ActiveCfg = Debug|Any CPU
		{DD609734-B95A-4545-99EA-2690B4FE36AD}.Debug|x86.Build.0 = Debug|Any CPU
		{DD609734-B95A-4545-99EA-2690B4FE36AD}.Release|Any CPU.ActiveCfg = Release|Any CPU
		{DD609734-B95A-4545-99EA-2690B4FE36AD}.Release|Any CPU.Build.0 = Release|Any CPU
		{DD609734-B95A-4545-99EA-2690B4FE36AD}.Release|x64.ActiveCfg = Release|Any CPU
		{DD609734-B95A-4545-99EA-2690B4FE36AD}.Release|x64.Build.0 = Release|Any CPU
		{DD609734-B95A-4545-99EA-2690B4FE36AD}.Release|x86.ActiveCfg = Release|Any CPU
		{DD609734-B95A-4545-99EA-2690B4FE36AD}.Release|x86.Build.0 = Release|Any CPU
		{F62DCAF2-020C-430A-8F26-F59EBC286E0D}.Debug|Any CPU.ActiveCfg = Debug|Any CPU
		{F62DCAF2-020C-430A-8F26-F59EBC286E0D}.Debug|Any CPU.Build.0 = Debug|Any CPU
		{F62DCAF2-020C-430A-8F26-F59EBC286E0D}.Debug|x64.ActiveCfg = Debug|Any CPU
		{F62DCAF2-020C-430A-8F26-F59EBC286E0D}.Debug|x64.Build.0 = Debug|Any CPU
		{F62DCAF2-020C-430A-8F26-F59EBC286E0D}.Debug|x86.ActiveCfg = Debug|Any CPU
		{F62DCAF2-020C-430A-8F26-F59EBC286E0D}.Debug|x86.Build.0 = Debug|Any CPU
		{F62DCAF2-020C-430A-8F26-F59EBC286E0D}.Release|Any CPU.ActiveCfg = Release|Any CPU
		{F62DCAF2-020C-430A-8F26-F59EBC286E0D}.Release|Any CPU.Build.0 = Release|Any CPU
		{F62DCAF2-020C-430A-8F26-F59EBC286E0D}.Release|x64.ActiveCfg = Release|Any CPU
		{F62DCAF2-020C-430A-8F26-F59EBC286E0D}.Release|x64.Build.0 = Release|Any CPU
		{F62DCAF2-020C-430A-8F26-F59EBC286E0D}.Release|x86.ActiveCfg = Release|Any CPU
		{F62DCAF2-020C-430A-8F26-F59EBC286E0D}.Release|x86.Build.0 = Release|Any CPU
	EndGlobalSection
EndGlobal
